
Microsoft Visual Studio Solution File, Format Version 12.00
# Visual Studio Version 16
VisualStudioVersion = 16.0.810.8
MinimumVisualStudioVersion = 10.0.40219.1
Project("{FAE04EC0-301F-11D3-BF4B-00C04F79EFBC}") = "MicroservicesProject1", "MicroservicesProject1\MicroservicesProject1.csproj", "{DC4E0CA3-768E-461C-877E-DCB435559414}"
EndProject
Project("{FAE04EC0-301F-11D3-BF4B-00C04F79EFBC}") = "MicroservicesProject2", "MicroservicesProject2\MicroservicesProject2.csproj", "{426B3EFE-F737-4ABE-A7B4-079FCF612E6F}"
EndProject
Project("{E53339B2-1760-4266-BCC7-CA923CBCF16C}") = "docker-compose", "docker-compose.dcproj", "{333CB9CA-5077-453E-BD45-9232968144CD}"
EndProject
Project("{FAE04EC0-301F-11D3-BF4B-00C04F79EFBC}") = "GatewayForMicroservices", "GatewayForMicroservices\GatewayForMicroservices.csproj", "{97377D22-ABD8-49B0-9F69-DDE991D9CA5B}"
EndProject
Global
	GlobalSection(SolutionConfigurationPlatforms) = preSolution
		Debug|Any CPU = Debug|Any CPU
		Release|Any CPU = Release|Any CPU
	EndGlobalSection
	GlobalSection(ProjectConfigurationPlatforms) = postSolution
		{DC4E0CA3-768E-461C-877E-DCB435559414}.Debug|Any CPU.ActiveCfg = Debug|Any CPU
		{DC4E0CA3-768E-461C-877E-DCB435559414}.Debug|Any CPU.Build.0 = Debug|Any CPU
		{DC4E0CA3-768E-461C-877E-DCB435559414}.Release|Any CPU.ActiveCfg = Release|Any CPU
		{DC4E0CA3-768E-461C-877E-DCB435559414}.Release|Any CPU.Build.0 = Release|Any CPU
		{426B3EFE-F737-4ABE-A7B4-079FCF612E6F}.Debug|Any CPU.ActiveCfg = Debug|Any CPU
		{426B3EFE-F737-4ABE-A7B4-079FCF612E6F}.Debug|Any CPU.Build.0 = Debug|Any CPU
		{426B3EFE-F737-4ABE-A7B4-079FCF612E6F}.Release|Any CPU.ActiveCfg = Release|Any CPU
		{426B3EFE-F737-4ABE-A7B4-079FCF612E6F}.Release|Any CPU.Build.0 = Release|Any CPU
		{333CB9CA-5077-453E-BD45-9232968144CD}.Debug|Any CPU.ActiveCfg = Debug|Any CPU
		{333CB9CA-5077-453E-BD45-9232968144CD}.Debug|Any CPU.Build.0 = Debug|Any CPU
		{333CB9CA-5077-453E-BD45-9232968144CD}.Release|Any CPU.ActiveCfg = Release|Any CPU
		{333CB9CA-5077-453E-BD45-9232968144CD}.Release|Any CPU.Build.0 = Release|Any CPU
		{97377D22-ABD8-49B0-9F69-DDE991D9CA5B}.Debug|Any CPU.ActiveCfg = Debug|Any CPU
		{97377D22-ABD8-49B0-9F69-DDE991D9CA5B}.Debug|Any CPU.Build.0 = Debug|Any CPU
		{97377D22-ABD8-49B0-9F69-DDE991D9CA5B}.Release|Any CPU.ActiveCfg = Release|Any CPU
		{97377D22-ABD8-49B0-9F69-DDE991D9CA5B}.Release|Any CPU.Build.0 = Release|Any CPU
	EndGlobalSection
	GlobalSection(SolutionProperties) = preSolution
		HideSolutionNode = FALSE
	EndGlobalSection
	GlobalSection(ExtensibilityGlobals) = postSolution
		SolutionGuid = {B3906EE4-C48D-4EA9-80EC-622FE2738E78}
	EndGlobalSection
EndGlobal
